
Microsoft Visual Studio Solution File, Format Version 12.00
# Visual Studio Version 16
VisualStudioVersion = 16.0.29306.81
MinimumVisualStudioVersion = 10.0.40219.1
Project("{FAE04EC0-301F-11D3-BF4B-00C04F79EFBC}") = "Nobel", "Nobel\Nobel.csproj", "{61881920-7922-491B-A2A4-21A11E3BA38B}"
EndProject
Global
	GlobalSection(SolutionConfigurationPlatforms) = preSolution
		Debug|Any CPU = Debug|Any CPU
		Release|Any CPU = Release|Any CPU
	EndGlobalSection
	GlobalSection(ProjectConfigurationPlatforms) = postSolution
		{61881920-7922-491B-A2A4-21A11E3BA38B}.Debug|Any CPU.ActiveCfg = Debug|Any CPU
		{61881920-7922-491B-A2A4-21A11E3BA38B}.Debug|Any CPU.Build.0 = Debug|Any CPU
		{61881920-7922-491B-A2A4-21A11E3BA38B}.Release|Any CPU.ActiveCfg = Release|Any CPU
		{61881920-7922-491B-A2A4-21A11E3BA38B}.Release|Any CPU.Build.0 = Release|Any CPU
	EndGlobalSection
	GlobalSection(SolutionProperties) = preSolution
		HideSolutionNode = FALSE
	EndGlobalSection
	GlobalSection(ExtensibilityGlobals) = postSolution
		SolutionGuid = {F3A4D95E-1765-42D7-9E8A-0C1346F48829}
	EndGlobalSection
EndGlobal
